
Microsoft Visual Studio Solution File, Format Version 12.00
# Visual Studio Version 17
VisualStudioVersion = 17.0.31903.59
MinimumVisualStudioVersion = 10.0.40219.1
Project("{FAE04EC0-301F-11D3-BF4B-00C04F79EFBC}") = "ClearChain.API", "ClearChain.API\ClearChain.API.csproj", "{5745639A-6FEE-47AD-88EA-9BEEED7D8626}"
EndProject
Project("{FAE04EC0-301F-11D3-BF4B-00C04F79EFBC}") = "ClearChain.Domain", "ClearChain.Domain\ClearChain.Domain.csproj", "{9C14C16F-95EE-461E-BE34-37E579FB4A9A}"
EndProject
Project("{FAE04EC0-301F-11D3-BF4B-00C04F79EFBC}") = "ClearChain.Infrastructure", "ClearChain.Infrastructure\ClearChain.Infrastructure.csproj", "{6D6E38FF-50FE-485F-8774-3395139B85E6}"
EndProject
Project("{FAE04EC0-301F-11D3-BF4B-00C04F79EFBC}") = "ClearChain.Tests", "ClearChain.Tests\ClearChain.Tests.csproj", "{A3DC125F-37DC-4336-B4EE-EAAD24B0784A}"
EndProject
Global
	GlobalSection(SolutionConfigurationPlatforms) = preSolution
		Debug|Any CPU = Debug|Any CPU
		Debug|x64 = Debug|x64
		Debug|x86 = Debug|x86
		Release|Any CPU = Release|Any CPU
		Release|x64 = Release|x64
		Release|x86 = Release|x86
	EndGlobalSection
	GlobalSection(ProjectConfigurationPlatforms) = postSolution
		{5745639A-6FEE-47AD-88EA-9BEEED7D8626}.Debug|Any CPU.ActiveCfg = Debug|Any CPU
		{5745639A-6FEE-47AD-88EA-9BEEED7D8626}.Debug|Any CPU.Build.0 = Debug|Any CPU
		{5745639A-6FEE-47AD-88EA-9BEEED7D8626}.Debug|x64.ActiveCfg = Debug|Any CPU
		{5745639A-6FEE-47AD-88EA-9BEEED7D8626}.Debug|x64.Build.0 = Debug|Any CPU
		{5745639A-6FEE-47AD-88EA-9BEEED7D8626}.Debug|x86.ActiveCfg = Debug|Any CPU
		{5745639A-6FEE-47AD-88EA-9BEEED7D8626}.Debug|x86.Build.0 = Debug|Any CPU
		{5745639A-6FEE-47AD-88EA-9BEEED7D8626}.Release|Any CPU.ActiveCfg = Release|Any CPU
		{5745639A-6FEE-47AD-88EA-9BEEED7D8626}.Release|Any CPU.Build.0 = Release|Any CPU
		{5745639A-6FEE-47AD-88EA-9BEEED7D8626}.Release|x64.ActiveCfg = Release|Any CPU
		{5745639A-6FEE-47AD-88EA-9BEEED7D8626}.Release|x64.Build.0 = Release|Any CPU
		{5745639A-6FEE-47AD-88EA-9BEEED7D8626}.Release|x86.ActiveCfg = Release|Any CPU
		{5745639A-6FEE-47AD-88EA-9BEEED7D8626}.Release|x86.Build.0 = Release|Any CPU
		{9C14C16F-95EE-461E-BE34-37E579FB4A9A}.Debug|Any CPU.ActiveCfg = Debug|Any CPU
		{9C14C16F-95EE-461E-BE34-37E579FB4A9A}.Debug|Any CPU.Build.0 = Debug|Any CPU
		{9C14C16F-95EE-461E-BE34-37E579FB4A9A}.Debug|x64.ActiveCfg = Debug|Any CPU
		{9C14C16F-95EE-461E-BE34-37E579FB4A9A}.Debug|x64.Build.0 = Debug|Any CPU
		{9C14C16F-95EE-461E-BE34-37E579FB4A9A}.Debug|x86.ActiveCfg = Debug|Any CPU
		{9C14C16F-95EE-461E-BE34-37E579FB4A9A}.Debug|x86.Build.0 = Debug|Any CPU
		{9C14C16F-95EE-461E-BE34-37E579FB4A9A}.Release|Any CPU.ActiveCfg = Release|Any CPU
		{9C14C16F-95EE-461E-BE34-37E579FB4A9A}.Release|Any CPU.Build.0 = Release|Any CPU
		{9C14C16F-95EE-461E-BE34-37E579FB4A9A}.Release|x64.ActiveCfg = Release|Any CPU
		{9C14C16F-95EE-461E-BE34-37E579FB4A9A}.Release|x64.Build.0 = Release|Any CPU
		{9C14C16F-95EE-461E-BE34-37E579FB4A9A}.Release|x86.ActiveCfg = Release|Any CPU
		{9C14C16F-95EE-461E-BE34-37E579FB4A9A}.Release|x86.Build.0 = Release|Any CPU
		{6D6E38FF-50FE-485F-8774-3395139B85E6}.Debug|Any CPU.ActiveCfg = Debug|Any CPU
		{6D6E38FF-50FE-485F-8774-3395139B85E6}.Debug|Any CPU.Build.0 = Debug|Any CPU
		{6D6E38FF-50FE-485F-8774-3395139B85E6}.Debug|x64.ActiveCfg = Debug|Any CPU
		{6D6E38FF-50FE-485F-8774-3395139B85E6}.Debug|x64.Build.0 = Debug|Any CPU
		{6D6E38FF-50FE-485F-8774-3395139B85E6}.Debug|x86.ActiveCfg = Debug|Any CPU
		{6D6E38FF-50FE-485F-8774-3395139B85E6}.Debug|x86.Build.0 = Debug|Any CPU
		{6D6E38FF-50FE-485F-8774-3395139B85E6}.Release|Any CPU.ActiveCfg = Release|Any CPU
		{6D6E38FF-50FE-485F-8774-3395139B85E6}.Release|Any CPU.Build.0 = Release|Any CPU
		{6D6E38FF-50FE-485F-8774-3395139B85E6}.Release|x64.ActiveCfg = Release|Any CPU
		{6D6E38FF-50FE-485F-8774-3395139B85E6}.Release|x64.Build.0 = Release|Any CPU
		{6D6E38FF-50FE-485F-8774-3395139B85E6}.Release|x86.ActiveCfg = Release|Any CPU
		{6D6E38FF-50FE-485F-8774-3395139B85E6}.Release|x86.Build.0 = Release|Any CPU
		{A3DC125F-37DC-4336-B4EE-EAAD24B0784A}.Debug|Any CPU.ActiveCfg = Debug|Any CPU
		{A3DC125F-37DC-4336-B4EE-EAAD24B0784A}.Debug|Any CPU.Build.0 = Debug|Any CPU
		{A3DC125F-37DC-4336-B4EE-EAAD24B0784A}.Debug|x64.ActiveCfg = Debug|Any CPU
		{A3DC125F-37DC-4336-B4EE-EAAD24B0784A}.Debug|x64.Build.0 = Debug|Any CPU
		{A3DC125F-37DC-4336-B4EE-EAAD24B0784A}.Debug|x86.ActiveCfg = Debug|Any CPU
		{A3DC125F-37DC-4336-B4EE-EAAD24B0784A}.Debug|x86.Build.0 = Debug|Any CPU
		{A3DC125F-37DC-4336-B4EE-EAAD24B0784A}.Release|Any CPU.ActiveCfg = Release|Any CPU
		{A3DC125F-37DC-4336-B4EE-EAAD24B0784A}.Release|Any CPU.Build.0 = Release|Any CPU
		{A3DC125F-37DC-4336-B4EE-EAAD24B0784A}.Release|x64.ActiveCfg = Release|Any CPU
		{A3DC125F-37DC-4336-B4EE-EAAD24B0784A}.Release|x64.Build.0 = Release|Any CPU
		{A3DC125F-37DC-4336-B4EE-EAAD24B0784A}.Release|x86.ActiveCfg = Release|Any CPU
		{A3DC125F-37DC-4336-B4EE-EAAD24B0784A}.Release|x86.Build.0 = Release|Any CPU
	EndGlobalSection
	GlobalSection(SolutionProperties) = preSolution
		HideSolutionNode = FALSE
	EndGlobalSection
EndGlobal
